
Microsoft Visual Studio Solution File, Format Version 12.00
# Visual Studio Version 17
VisualStudioVersion = 17.9.34728.123
MinimumVisualStudioVersion = 10.0.40219.1
Project("{FAE04EC0-301F-11D3-BF4B-00C04F79EFBC}") = "VECTODIGITAL", "VECTODIGITAL\VECTODIGITAL.csproj", "{033FAAB1-1BE1-4FC8-9DA4-644FD0E55166}"
EndProject
Global
	GlobalSection(SolutionConfigurationPlatforms) = preSolution
		Debug|Any CPU = Debug|Any CPU
		Release|Any CPU = Release|Any CPU
	EndGlobalSection
	GlobalSection(ProjectConfigurationPlatforms) = postSolution
		{033FAAB1-1BE1-4FC8-9DA4-644FD0E55166}.Debug|Any CPU.ActiveCfg = Debug|Any CPU
		{033FAAB1-1BE1-4FC8-9DA4-644FD0E55166}.Debug|Any CPU.Build.0 = Debug|Any CPU
		{033FAAB1-1BE1-4FC8-9DA4-644FD0E55166}.Release|Any CPU.ActiveCfg = Release|Any CPU
		{033FAAB1-1BE1-4FC8-9DA4-644FD0E55166}.Release|Any CPU.Build.0 = Release|Any CPU
	EndGlobalSection
	GlobalSection(SolutionProperties) = preSolution
		HideSolutionNode = FALSE
	EndGlobalSection
	GlobalSection(ExtensibilityGlobals) = postSolution
		SolutionGuid = {03203F53-B2D5-46E2-919A-DBABFAAC2666}
	EndGlobalSection
EndGlobal
